
Microsoft Visual Studio Solution File, Format Version 11.00
# Visual C++ Express 2010
Project("{8BC9CEB8-8B4A-11D0-8D11-00A0C91BC942}") = "Paint", "Paint\Paint.vcxproj", "{E60D4166-F73A-47DF-9355-C5A5C7FD43AD}"
EndProject
Project("{8BC9CEB8-8B4A-11D0-8D11-00A0C91BC942}") = "dllmy", "dllmy\dllmy.vcxproj", "{57D8E2A8-C49F-4271-A8B1-2EFF042986A7}"
EndProject
Global
	GlobalSection(SolutionConfigurationPlatforms) = preSolution
		Debug|Win32 = Debug|Win32
		Release|Win32 = Release|Win32
	EndGlobalSection
	GlobalSection(ProjectConfigurationPlatforms) = postSolution
		{E60D4166-F73A-47DF-9355-C5A5C7FD43AD}.Debug|Win32.ActiveCfg = Debug|Win32
		{E60D4166-F73A-47DF-9355-C5A5C7FD43AD}.Debug|Win32.Build.0 = Debug|Win32
		{E60D4166-F73A-47DF-9355-C5A5C7FD43AD}.Release|Win32.ActiveCfg = Release|Win32
		{E60D4166-F73A-47DF-9355-C5A5C7FD43AD}.Release|Win32.Build.0 = Release|Win32
		{57D8E2A8-C49F-4271-A8B1-2EFF042986A7}.Debug|Win32.ActiveCfg = Debug|Win32
		{57D8E2A8-C49F-4271-A8B1-2EFF042986A7}.Debug|Win32.Build.0 = Debug|Win32
		{57D8E2A8-C49F-4271-A8B1-2EFF042986A7}.Release|Win32.ActiveCfg = Release|Win32
		{57D8E2A8-C49F-4271-A8B1-2EFF042986A7}.Release|Win32.Build.0 = Release|Win32
	EndGlobalSection
	GlobalSection(SolutionProperties) = preSolution
		HideSolutionNode = FALSE
	EndGlobalSection
EndGlobal
